// !$*UTF8*$!
{
	archiveVersion = 1;
	classes = {
	};
	objectVersion = 46;
	objects = {

/* Begin PBXBuildFile section */
		944B88121C8A8FD60042E911 /* AppDelegate.swift in Sources */ = {isa = PBXBuildFile; fileRef = 944B88111C8A8FD60042E911 /* AppDelegate.swift */; };
		944B88141C8A8FD60042E911 /* FirstViewController.swift in Sources */ = {isa = PBXBuildFile; fileRef = 944B88131C8A8FD60042E911 /* FirstViewController.swift */; };
		944B88161C8A8FD60042E911 /* SecondViewController.swift in Sources */ = {isa = PBXBuildFile; fileRef = 944B88151C8A8FD60042E911 /* SecondViewController.swift */; };
		944B88191C8A8FD60042E911 /* Main.storyboard in Resources */ = {isa = PBXBuildFile; fileRef = 944B88171C8A8FD60042E911 /* Main.storyboard */; };
		944B881B1C8A8FD60042E911 /* Assets.xcassets in Resources */ = {isa = PBXBuildFile; fileRef = 944B881A1C8A8FD60042E911 /* Assets.xcassets */; };
		944B881E1C8A8FD60042E911 /* LaunchScreen.storyboard in Resources */ = {isa = PBXBuildFile; fileRef = 944B881C1C8A8FD60042E911 /* LaunchScreen.storyboard */; };
		944CC9E41C9014510029C723 /* HomeTabMainController.swift in Sources */ = {isa = PBXBuildFile; fileRef = 944CC9E31C9014510029C723 /* HomeTabMainController.swift */; };
		944CC9E61C9015780029C723 /* NavigationMainController.swift in Sources */ = {isa = PBXBuildFile; fileRef = 944CC9E51C9015780029C723 /* NavigationMainController.swift */; };
		944CC9E81C9017900029C723 /* CollectionViewMainController.swift in Sources */ = {isa = PBXBuildFile; fileRef = 944CC9E71C9017900029C723 /* CollectionViewMainController.swift */; };
		944CC9EA1C901A3B0029C723 /* MyCollectionViewCell.swift in Sources */ = {isa = PBXBuildFile; fileRef = 944CC9E91C901A3B0029C723 /* MyCollectionViewCell.swift */; };
		9476AFB61C903B4000A16B6B /* chooseFromCamera.swift in Sources */ = {isa = PBXBuildFile; fileRef = 9476AFB51C903B4000A16B6B /* chooseFromCamera.swift */; };
		94C917B91C93A4280031FAE9 /* DetailViewController.swift in Sources */ = {isa = PBXBuildFile; fileRef = 94C917B81C93A4280031FAE9 /* DetailViewController.swift */; };
		94C917BB1C93D4390031FAE9 /* ModelController.swift in Sources */ = {isa = PBXBuildFile; fileRef = 94C917BA1C93D4390031FAE9 /* ModelController.swift */; };
		94C917BD1C93D44C0031FAE9 /* DataViewController.swift in Sources */ = {isa = PBXBuildFile; fileRef = 94C917BC1C93D44C0031FAE9 /* DataViewController.swift */; };
		BC5BDAC2FF1CB07E9683E9B6 /* libPods-NailApp.a in Frameworks */ = {isa = PBXBuildFile; fileRef = 46D1412DFEDE4F537A715391 /* libPods-NailApp.a */; };
/* End PBXBuildFile section */

/* Begin PBXFileReference section */
		259AF81E475783C63C2EDB40 /* Pods-NailApp.debug.xcconfig */ = {isa = PBXFileReference; includeInIndex = 1; lastKnownFileType = text.xcconfig; name = "Pods-NailApp.debug.xcconfig"; path = "Pods/Target Support Files/Pods-NailApp/Pods-NailApp.debug.xcconfig"; sourceTree = "<group>"; };
		46D1412DFEDE4F537A715391 /* libPods-NailApp.a */ = {isa = PBXFileReference; explicitFileType = archive.ar; includeInIndex = 0; path = "libPods-NailApp.a"; sourceTree = BUILT_PRODUCTS_DIR; };
		944B880E1C8A8FD60042E911 /* NailApp.app */ = {isa = PBXFileReference; explicitFileType = wrapper.application; includeInIndex = 0; path = NailApp.app; sourceTree = BUILT_PRODUCTS_DIR; };
		944B88111C8A8FD60042E911 /* AppDelegate.swift */ = {isa = PBXFileReference; lastKnownFileType = sourcecode.swift; path = AppDelegate.swift; sourceTree = "<group>"; };
		944B88131C8A8FD60042E911 /* FirstViewController.swift */ = {isa = PBXFileReference; lastKnownFileType = sourcecode.swift; path = FirstViewController.swift; sourceTree = "<group>"; };
		944B88151C8A8FD60042E911 /* SecondViewController.swift */ = {isa = PBXFileReference; lastKnownFileType = sourcecode.swift; path = SecondViewController.swift; sourceTree = "<group>"; };
		944B88181C8A8FD60042E911 /* Base */ = {isa = PBXFileReference; lastKnownFileType = file.storyboard; name = Base; path = Base.lproj/Main.storyboard; sourceTree = "<group>"; };
		944B881A1C8A8FD60042E911 /* Assets.xcassets */ = {isa = PBXFileReference; lastKnownFileType = folder.assetcatalog; path = Assets.xcassets; sourceTree = "<group>"; };
		944B881D1C8A8FD60042E911 /* Base */ = {isa = PBXFileReference; lastKnownFileType = file.storyboard; name = Base; path = Base.lproj/LaunchScreen.storyboard; sourceTree = "<group>"; };
		944B881F1C8A8FD60042E911 /* Info.plist */ = {isa = PBXFileReference; lastKnownFileType = text.plist.xml; path = Info.plist; sourceTree = "<group>"; };
		944CC9E21C9013610029C723 /* NailApp-Bridging-Header.h */ = {isa = PBXFileReference; lastKnownFileType = sourcecode.c.h; path = "NailApp-Bridging-Header.h"; sourceTree = "<group>"; };
		944CC9E31C9014510029C723 /* HomeTabMainController.swift */ = {isa = PBXFileReference; fileEncoding = 4; lastKnownFileType = sourcecode.swift; path = HomeTabMainController.swift; sourceTree = "<group>"; };
		944CC9E51C9015780029C723 /* NavigationMainController.swift */ = {isa = PBXFileReference; fileEncoding = 4; lastKnownFileType = sourcecode.swift; path = NavigationMainController.swift; sourceTree = "<group>"; };
		944CC9E71C9017900029C723 /* CollectionViewMainController.swift */ = {isa = PBXFileReference; fileEncoding = 4; lastKnownFileType = sourcecode.swift; path = CollectionViewMainController.swift; sourceTree = "<group>"; };
		944CC9E91C901A3B0029C723 /* MyCollectionViewCell.swift */ = {isa = PBXFileReference; fileEncoding = 4; lastKnownFileType = sourcecode.swift; path = MyCollectionViewCell.swift; sourceTree = "<group>"; };
		9476AFB51C903B4000A16B6B /* chooseFromCamera.swift */ = {isa = PBXFileReference; fileEncoding = 4; lastKnownFileType = sourcecode.swift; path = chooseFromCamera.swift; sourceTree = "<group>"; };
		94C917B81C93A4280031FAE9 /* DetailViewController.swift */ = {isa = PBXFileReference; fileEncoding = 4; lastKnownFileType = sourcecode.swift; path = DetailViewController.swift; sourceTree = "<group>"; };
		94C917BA1C93D4390031FAE9 /* ModelController.swift */ = {isa = PBXFileReference; fileEncoding = 4; lastKnownFileType = sourcecode.swift; path = ModelController.swift; sourceTree = "<group>"; };
		94C917BC1C93D44C0031FAE9 /* DataViewController.swift */ = {isa = PBXFileReference; fileEncoding = 4; lastKnownFileType = sourcecode.swift; path = DataViewController.swift; sourceTree = "<group>"; };
		FB86E772ADAEC3ACE051E6C6 /* Pods-NailApp.release.xcconfig */ = {isa = PBXFileReference; includeInIndex = 1; lastKnownFileType = text.xcconfig; name = "Pods-NailApp.release.xcconfig"; path = "Pods/Target Support Files/Pods-NailApp/Pods-NailApp.release.xcconfig"; sourceTree = "<group>"; };
/* End PBXFileReference section */

/* Begin PBXFrameworksBuildPhase section */
		944B880B1C8A8FD60042E911 /* Frameworks */ = {
			isa = PBXFrameworksBuildPhase;
			buildActionMask = 2147483647;
			files = (
				BC5BDAC2FF1CB07E9683E9B6 /* libPods-NailApp.a in Frameworks */,
			);
			runOnlyForDeploymentPostprocessing = 0;
		};
/* End PBXFrameworksBuildPhase section */

/* Begin PBXGroup section */
		0C72803630730FB79E45F1F4 /* Frameworks */ = {
			isa = PBXGroup;
			children = (
				46D1412DFEDE4F537A715391 /* libPods-NailApp.a */,
			);
			name = Frameworks;
			sourceTree = "<group>";
		};
		944B88051C8A8FD50042E911 = {
			isa = PBXGroup;
			children = (
				944B88101C8A8FD60042E911 /* NailApp */,
				944B880F1C8A8FD60042E911 /* Products */,
				C3522BEEB4BBCE7030EC60D0 /* Pods */,
				0C72803630730FB79E45F1F4 /* Frameworks */,
			);
			sourceTree = "<group>";
		};
		944B880F1C8A8FD60042E911 /* Products */ = {
			isa = PBXGroup;
			children = (
				944B880E1C8A8FD60042E911 /* NailApp.app */,
			);
			name = Products;
			sourceTree = "<group>";
		};
		944B88101C8A8FD60042E911 /* NailApp */ = {
			isa = PBXGroup;
			children = (
				944B88111C8A8FD60042E911 /* AppDelegate.swift */,
				944CC9E71C9017900029C723 /* CollectionViewMainController.swift */,
				9476AFB51C903B4000A16B6B /* chooseFromCamera.swift */,
				944B88131C8A8FD60042E911 /* FirstViewController.swift */,
				944CC9E31C9014510029C723 /* HomeTabMainController.swift */,
				944CC9E51C9015780029C723 /* NavigationMainController.swift */,
				944B88151C8A8FD60042E911 /* SecondViewController.swift */,
				944B88171C8A8FD60042E911 /* Main.storyboard */,
				944CC9E91C901A3B0029C723 /* MyCollectionViewCell.swift */,
				944B881A1C8A8FD60042E911 /* Assets.xcassets */,
				944B881C1C8A8FD60042E911 /* LaunchScreen.storyboard */,
				944B881F1C8A8FD60042E911 /* Info.plist */,
				944CC9E21C9013610029C723 /* NailApp-Bridging-Header.h */,
				94C917B81C93A4280031FAE9 /* DetailViewController.swift */,
				94C917BA1C93D4390031FAE9 /* ModelController.swift */,
				94C917BC1C93D44C0031FAE9 /* DataViewController.swift */,
			);
			path = NailApp;
			sourceTree = "<group>";
		};
		C3522BEEB4BBCE7030EC60D0 /* Pods */ = {
			isa = PBXGroup;
			children = (
				259AF81E475783C63C2EDB40 /* Pods-NailApp.debug.xcconfig */,
				FB86E772ADAEC3ACE051E6C6 /* Pods-NailApp.release.xcconfig */,
			);
			name = Pods;
			sourceTree = "<group>";
		};
/* End PBXGroup section */

/* Begin PBXNativeTarget section */
		944B880D1C8A8FD60042E911 /* NailApp */ = {
			isa = PBXNativeTarget;
			buildConfigurationList = 944B88221C8A8FD60042E911 /* Build configuration list for PBXNativeTarget "NailApp" */;
			buildPhases = (
				0953BA94042B856F3DCEC422 /* Check Pods Manifest.lock */,
				944B880A1C8A8FD60042E911 /* Sources */,
				944B880B1C8A8FD60042E911 /* Frameworks */,
				944B880C1C8A8FD60042E911 /* Resources */,
				9B49803AF7DCF8C06B07BBD0 /* Embed Pods Frameworks */,
				0B254D12995FDA07C69CE255 /* Copy Pods Resources */,
			);
			buildRules = (
			);
			dependencies = (
			);
			name = NailApp;
			productName = NailApp;
			productReference = 944B880E1C8A8FD60042E911 /* NailApp.app */;
			productType = "com.apple.product-type.application";
		};
/* End PBXNativeTarget section */

/* Begin PBXProject section */
		944B88061C8A8FD50042E911 /* Project object */ = {
			isa = PBXProject;
			attributes = {
				LastSwiftUpdateCheck = 0720;
				LastUpgradeCheck = 0720;
				ORGANIZATIONNAME = DaichiSaito;
				TargetAttributes = {
					944B880D1C8A8FD60042E911 = {
						CreatedOnToolsVersion = 7.2.1;
					};
				};
			};
			buildConfigurationList = 944B88091C8A8FD50042E911 /* Build configuration list for PBXProject "NailApp" */;
			compatibilityVersion = "Xcode 3.2";
			developmentRegion = English;
			hasScannedForEncodings = 0;
			knownRegions = (
				en,
				Base,
			);
			mainGroup = 944B88051C8A8FD50042E911;
			productRefGroup = 944B880F1C8A8FD60042E911 /* Products */;
			projectDirPath = "";
			projectRoot = "";
			targets = (
				944B880D1C8A8FD60042E911 /* NailApp */,
			);
		};
/* End PBXProject section */

/* Begin PBXResourcesBuildPhase section */
		944B880C1C8A8FD60042E911 /* Resources */ = {
			isa = PBXResourcesBuildPhase;
			buildActionMask = 2147483647;
			files = (
				944B881E1C8A8FD60042E911 /* LaunchScreen.storyboard in Resources */,
				944B881B1C8A8FD60042E911 /* Assets.xcassets in Resources */,
				944B88191C8A8FD60042E911 /* Main.storyboard in Resources */,
			);
			runOnlyForDeploymentPostprocessing = 0;
		};
/* End PBXResourcesBuildPhase section */

/* Begin PBXShellScriptBuildPhase section */
		0953BA94042B856F3DCEC422 /* Check Pods Manifest.lock */ = {
			isa = PBXShellScriptBuildPhase;
			buildActionMask = 2147483647;
			files = (
			);
			inputPaths = (
			);
			name = "Check Pods Manifest.lock";
			outputPaths = (
			);
			runOnlyForDeploymentPostprocessing = 0;
			shellPath = /bin/sh;
			shellScript = "diff \"${PODS_ROOT}/../Podfile.lock\" \"${PODS_ROOT}/Manifest.lock\" > /dev/null\nif [[ $? != 0 ]] ; then\n    cat << EOM\nerror: The sandbox is not in sync with the Podfile.lock. Run 'pod install' or update your CocoaPods installation.\nEOM\n    exit 1\nfi\n";
			showEnvVarsInLog = 0;
		};
		0B254D12995FDA07C69CE255 /* Copy Pods Resources */ = {
			isa = PBXShellScriptBuildPhase;
			buildActionMask = 2147483647;
			files = (
			);
			inputPaths = (
			);
			name = "Copy Pods Resources";
			outputPaths = (
			);
			runOnlyForDeploymentPostprocessing = 0;
			shellPath = /bin/sh;
			shellScript = "\"${SRCROOT}/Pods/Target Support Files/Pods-NailApp/Pods-NailApp-resources.sh\"\n";
			showEnvVarsInLog = 0;
		};
		9B49803AF7DCF8C06B07BBD0 /* Embed Pods Frameworks */ = {
			isa = PBXShellScriptBuildPhase;
			buildActionMask = 2147483647;
			files = (
			);
			inputPaths = (
			);
			name = "Embed Pods Frameworks";
			outputPaths = (
			);
			runOnlyForDeploymentPostprocessing = 0;
			shellPath = /bin/sh;
			shellScript = "\"${SRCROOT}/Pods/Target Support Files/Pods-NailApp/Pods-NailApp-frameworks.sh\"\n";
			showEnvVarsInLog = 0;
		};
/* End PBXShellScriptBuildPhase section */

/* Begin PBXSourcesBuildPhase section */
		944B880A1C8A8FD60042E911 /* Sources */ = {
			isa = PBXSourcesBuildPhase;
			buildActionMask = 2147483647;
			files = (
				94C917B91C93A4280031FAE9 /* DetailViewController.swift in Sources */,
				94C917BB1C93D4390031FAE9 /* ModelController.swift in Sources */,
				944CC9E61C9015780029C723 /* NavigationMainController.swift in Sources */,
				944CC9EA1C901A3B0029C723 /* MyCollectionViewCell.swift in Sources */,
				944CC9E81C9017900029C723 /* CollectionViewMainController.swift in Sources */,
				944B88161C8A8FD60042E911 /* SecondViewController.swift in Sources */,
				944B88121C8A8FD60042E911 /* AppDelegate.swift in Sources */,
				944B88141C8A8FD60042E911 /* FirstViewController.swift in Sources */,
				944CC9E41C9014510029C723 /* HomeTabMainController.swift in Sources */,
				9476AFB61C903B4000A16B6B /* chooseFromCamera.swift in Sources */,
				94C917BD1C93D44C0031FAE9 /* DataViewController.swift in Sources */,
			);
			runOnlyForDeploymentPostprocessing = 0;
		};
/* End PBXSourcesBuildPhase section */

/* Begin PBXVariantGroup section */
		944B88171C8A8FD60042E911 /* Main.storyboard */ = {
			isa = PBXVariantGroup;
			children = (
				944B88181C8A8FD60042E911 /* Base */,
			);
			name = Main.storyboard;
			sourceTree = "<group>";
		};
		944B881C1C8A8FD60042E911 /* LaunchScreen.storyboard */ = {
			isa = PBXVariantGroup;
			children = (
				944B881D1C8A8FD60042E911 /* Base */,
			);
			name = LaunchScreen.storyboard;
			sourceTree = "<group>";
		};
/* End PBXVariantGroup section */

/* Begin XCBuildConfiguration section */
		944B88201C8A8FD60042E911 /* Debug */ = {
			isa = XCBuildConfiguration;
			buildSettings = {
				ALWAYS_SEARCH_USER_PATHS = NO;
				CLANG_CXX_LANGUAGE_STANDARD = "gnu++0x";
				CLANG_CXX_LIBRARY = "libc++";
				CLANG_ENABLE_MODULES = YES;
				CLANG_ENABLE_OBJC_ARC = YES;
				CLANG_WARN_BOOL_CONVERSION = YES;
				CLANG_WARN_CONSTANT_CONVERSION = YES;
				CLANG_WARN_DIRECT_OBJC_ISA_USAGE = YES_ERROR;
				CLANG_WARN_EMPTY_BODY = YES;
				CLANG_WARN_ENUM_CONVERSION = YES;
				CLANG_WARN_INT_CONVERSION = YES;
				CLANG_WARN_OBJC_ROOT_CLASS = YES_ERROR;
				CLANG_WARN_UNREACHABLE_CODE = YES;
				CLANG_WARN__DUPLICATE_METHOD_MATCH = YES;
				"CODE_SIGN_IDENTITY[sdk=iphoneos*]" = "iPhone Developer";
				COPY_PHASE_STRIP = NO;
				DEBUG_INFORMATION_FORMAT = dwarf;
				ENABLE_STRICT_OBJC_MSGSEND = YES;
				ENABLE_TESTABILITY = YES;
				GCC_C_LANGUAGE_STANDARD = gnu99;
				GCC_DYNAMIC_NO_PIC = NO;
				GCC_NO_COMMON_BLOCKS = YES;
				GCC_OPTIMIZATION_LEVEL = 0;
				GCC_PREPROCESSOR_DEFINITIONS = (
					"DEBUG=1",
					"$(inherited)",
				);
				GCC_WARN_64_TO_32_BIT_CONVERSION = YES;
				GCC_WARN_ABOUT_RETURN_TYPE = YES_ERROR;
				GCC_WARN_UNDECLARED_SELECTOR = YES;
				GCC_WARN_UNINITIALIZED_AUTOS = YES_AGGRESSIVE;
				GCC_WARN_UNUSED_FUNCTION = YES;
				GCC_WARN_UNUSED_VARIABLE = YES;
				IPHONEOS_DEPLOYMENT_TARGET = 9.2;
				MTL_ENABLE_DEBUG_INFO = YES;
				ONLY_ACTIVE_ARCH = YES;
				SDKROOT = iphoneos;
				SWIFT_OPTIMIZATION_LEVEL = "-Onone";
			};
			name = Debug;
		};
		944B88211C8A8FD60042E911 /* Release */ = {
			isa = XCBuildConfiguration;
			buildSettings = {
				ALWAYS_SEARCH_USER_PATHS = NO;
				CLANG_CXX_LANGUAGE_STANDARD = "gnu++0x";
				CLANG_CXX_LIBRARY = "libc++";
				CLANG_ENABLE_MODULES = YES;
				CLANG_ENABLE_OBJC_ARC = YES;
				CLANG_WARN_BOOL_CONVERSION = YES;
				CLANG_WARN_CONSTANT_CONVERSION = YES;
				CLANG_WARN_DIRECT_OBJC_ISA_USAGE = YES_ERROR;
				CLANG_WARN_EMPTY_BODY = YES;
				CLANG_WARN_ENUM_CONVERSION = YES;
				CLANG_WARN_INT_CONVERSION = YES;
				CLANG_WARN_OBJC_ROOT_CLASS = YES_ERROR;
				CLANG_WARN_UNREACHABLE_CODE = YES;
				CLANG_WARN__DUPLICATE_METHOD_MATCH = YES;
				"CODE_SIGN_IDENTITY[sdk=iphoneos*]" = "iPhone Developer";
				COPY_PHASE_STRIP = NO;
				DEBUG_INFORMATION_FORMAT = "dwarf-with-dsym";
				ENABLE_NS_ASSERTIONS = NO;
				ENABLE_STRICT_OBJC_MSGSEND = YES;
				GCC_C_LANGUAGE_STANDARD = gnu99;
				GCC_NO_COMMON_BLOCKS = YES;
				GCC_WARN_64_TO_32_BIT_CONVERSION = YES;
				GCC_WARN_ABOUT_RETURN_TYPE = YES_ERROR;
				GCC_WARN_UNDECLARED_SELECTOR = YES;
				GCC_WARN_UNINITIALIZED_AUTOS = YES_AGGRESSIVE;
				GCC_WARN_UNUSED_FUNCTION = YES;
				GCC_WARN_UNUSED_VARIABLE = YES;
				IPHONEOS_DEPLOYMENT_TARGET = 9.2;
				MTL_ENABLE_DEBUG_INFO = NO;
				SDKROOT = iphoneos;
				VALIDATE_PRODUCT = YES;
			};
			name = Release;
		};
		944B88231C8A8FD60042E911 /* Debug */ = {
			isa = XCBuildConfiguration;
			baseConfigurationReference = 259AF81E475783C63C2EDB40 /* Pods-NailApp.debug.xcconfig */;
			buildSettings = {
				ASSETCATALOG_COMPILER_APPICON_NAME = AppIcon;
				INFOPLIST_FILE = NailApp/Info.plist;
				LD_RUNPATH_SEARCH_PATHS = "$(inherited) @executable_path/Frameworks";
				PRODUCT_BUNDLE_IDENTIFIER = com.oshige.NailApp;
				PRODUCT_NAME = "$(TARGET_NAME)";
				SWIFT_OBJC_BRIDGING_HEADER = "$(SRCROOT)/$(PROJECT)/NailApp-Bridging-Header.h";
			};
			name = Debug;
		};
		944B88241C8A8FD60042E911 /* Release */ = {
			isa = XCBuildConfiguration;
			baseConfigurationReference = FB86E772ADAEC3ACE051E6C6 /* Pods-NailApp.release.xcconfig */;
			buildSettings = {
				ASSETCATALOG_COMPILER_APPICON_NAME = AppIcon;
				INFOPLIST_FILE = NailApp/Info.plist;
				LD_RUNPATH_SEARCH_PATHS = "$(inherited) @executable_path/Frameworks";
				PRODUCT_BUNDLE_IDENTIFIER = com.oshige.NailApp;
				PRODUCT_NAME = "$(TARGET_NAME)";
				SWIFT_OBJC_BRIDGING_HEADER = "$(SRCROOT)/$(PROJECT)/NailApp-Bridging-Header.h";
			};
			name = Release;
		};
/* End XCBuildConfiguration section */

/* Begin XCConfigurationList section */
		944B88091C8A8FD50042E911 /* Build configuration list for PBXProject "NailApp" */ = {
			isa = XCConfigurationList;
			buildConfigurations = (
				944B88201C8A8FD60042E911 /* Debug */,
				944B88211C8A8FD60042E911 /* Release */,
			);
			defaultConfigurationIsVisible = 0;
			defaultConfigurationName = Release;
		};
		944B88221C8A8FD60042E911 /* Build configuration list for PBXNativeTarget "NailApp" */ = {
			isa = XCConfigurationList;
			buildConfigurations = (
				944B88231C8A8FD60042E911 /* Debug */,
				944B88241C8A8FD60042E911 /* Release */,
			);
			defaultConfigurationIsVisible = 0;
			defaultConfigurationName = Release;
		};
/* End XCConfigurationList section */
	};
	rootObject = 944B88061C8A8FD50042E911 /* Project object */;
}
